
Microsoft Visual Studio Solution File, Format Version 12.00
# Visual Studio 15
VisualStudioVersion = 15.0.27130.2010
MinimumVisualStudioVersion = 10.0.40219.1
Project("{FAE04EC0-301F-11D3-BF4B-00C04F79EFBC}") = "WindowsFormsApp1", "WindowsFormsApp1\WindowsFormsApp1.csproj", "{445F8FAE-B9CB-4C0D-8BD8-8B082F5560ED}"
EndProject
Global
	GlobalSection(SolutionConfigurationPlatforms) = preSolution
		Debug|Any CPU = Debug|Any CPU
		Release|Any CPU = Release|Any CPU
	EndGlobalSection
	GlobalSection(ProjectConfigurationPlatforms) = postSolution
		{445F8FAE-B9CB-4C0D-8BD8-8B082F5560ED}.Debug|Any CPU.ActiveCfg = Debug|Any CPU
		{445F8FAE-B9CB-4C0D-8BD8-8B082F5560ED}.Debug|Any CPU.Build.0 = Debug|Any CPU
		{445F8FAE-B9CB-4C0D-8BD8-8B082F5560ED}.Release|Any CPU.ActiveCfg = Release|Any CPU
		{445F8FAE-B9CB-4C0D-8BD8-8B082F5560ED}.Release|Any CPU.Build.0 = Release|Any CPU
	EndGlobalSection
	GlobalSection(SolutionProperties) = preSolution
		HideSolutionNode = FALSE
	EndGlobalSection
	GlobalSection(ExtensibilityGlobals) = postSolution
		SolutionGuid = {D1F7D984-9034-4D96-A2EC-E24731D71260}
	EndGlobalSection
EndGlobal
